
Microsoft Visual Studio Solution File, Format Version 12.00
# Visual Studio 14
VisualStudioVersion = 14.0.25420.1
MinimumVisualStudioVersion = 10.0.40219.1
Project("{2150E333-8FDC-42A3-9474-1A3956D46DE8}") = "src", "src", "{8050761D-1304-47B9-B908-26E1AD8F2028}"
EndProject
Project("{2150E333-8FDC-42A3-9474-1A3956D46DE8}") = "Solution Items", "Solution Items", "{43A78AC8-A54F-43EA-92FC-54FEFBB96892}"
	ProjectSection(SolutionItems) = preProject
		global.json = global.json
	EndProjectSection
EndProject
Project("{8BB2217D-0F2D-49D1-97BC-3654ED321F3B}") = "Groceries.Boudreau.Cloud", "src\Groceries.Boudreau.Cloud\Groceries.Boudreau.Cloud.xproj", "{968B0514-6FEE-41F5-B47B-2396090D051C}"
EndProject
Global
	GlobalSection(SolutionConfigurationPlatforms) = preSolution
		Debug|Any CPU = Debug|Any CPU
		Release|Any CPU = Release|Any CPU
	EndGlobalSection
	GlobalSection(ProjectConfigurationPlatforms) = postSolution
		{968B0514-6FEE-41F5-B47B-2396090D051C}.Debug|Any CPU.ActiveCfg = Debug|Any CPU
		{968B0514-6FEE-41F5-B47B-2396090D051C}.Debug|Any CPU.Build.0 = Debug|Any CPU
		{968B0514-6FEE-41F5-B47B-2396090D051C}.Release|Any CPU.ActiveCfg = Release|Any CPU
		{968B0514-6FEE-41F5-B47B-2396090D051C}.Release|Any CPU.Build.0 = Release|Any CPU
	EndGlobalSection
	GlobalSection(SolutionProperties) = preSolution
		HideSolutionNode = FALSE
	EndGlobalSection
	GlobalSection(NestedProjects) = preSolution
		{968B0514-6FEE-41F5-B47B-2396090D051C} = {8050761D-1304-47B9-B908-26E1AD8F2028}
	EndGlobalSection
EndGlobal
